
Microsoft Visual Studio Solution File, Format Version 12.00
# Visual Studio Version 17
VisualStudioVersion = 17.11.35312.102
MinimumVisualStudioVersion = 10.0.40219.1
Project("{FAE04EC0-301F-11D3-BF4B-00C04F79EFBC}") = "ProjectManagerDev", "ProjectManagerDev\ProjectManagerDev.csproj", "{D2FECA9A-AFAB-4F45-9719-BC68044F509C}"
EndProject
Global
	GlobalSection(SolutionConfigurationPlatforms) = preSolution
		Debug|Any CPU = Debug|Any CPU
		Release|Any CPU = Release|Any CPU
	EndGlobalSection
	GlobalSection(ProjectConfigurationPlatforms) = postSolution
		{D2FECA9A-AFAB-4F45-9719-BC68044F509C}.Debug|Any CPU.ActiveCfg = Debug|Any CPU
		{D2FECA9A-AFAB-4F45-9719-BC68044F509C}.Debug|Any CPU.Build.0 = Debug|Any CPU
		{D2FECA9A-AFAB-4F45-9719-BC68044F509C}.Release|Any CPU.ActiveCfg = Release|Any CPU
		{D2FECA9A-AFAB-4F45-9719-BC68044F509C}.Release|Any CPU.Build.0 = Release|Any CPU
	EndGlobalSection
	GlobalSection(SolutionProperties) = preSolution
		HideSolutionNode = FALSE
	EndGlobalSection
	GlobalSection(ExtensibilityGlobals) = postSolution
		SolutionGuid = {ADE588F7-A086-4232-8F4E-D8B9DE174F7B}
	EndGlobalSection
EndGlobal
